// !$*UTF8*$!
{
	archiveVersion = 1;
	classes = {
	};
	objectVersion = 46;
	objects = {

/* Begin PBXBuildFile section */
		21561E1C1AED608B0035E714 /* zoom.wav in Resources */ = {isa = PBXBuildFile; fileRef = 21561E1B1AED608B0035E714 /* zoom.wav */; };
		21561E1E1AED74EE0035E714 /* MenuOptionButton.swift in Sources */ = {isa = PBXBuildFile; fileRef = 21561E1D1AED74EE0035E714 /* MenuOptionButton.swift */; };
		21EC641B1AE9E59A0070FA67 /* AppDelegate.swift in Sources */ = {isa = PBXBuildFile; fileRef = 21EC641A1AE9E59A0070FA67 /* AppDelegate.swift */; };
		21EC64211AE9E59A0070FA67 /* GameViewController.swift in Sources */ = {isa = PBXBuildFile; fileRef = 21EC64201AE9E59A0070FA67 /* GameViewController.swift */; };
		21EC64241AE9E59A0070FA67 /* Main.storyboard in Resources */ = {isa = PBXBuildFile; fileRef = 21EC64221AE9E59A0070FA67 /* Main.storyboard */; };
		21EC64261AE9E59B0070FA67 /* Images.xcassets in Resources */ = {isa = PBXBuildFile; fileRef = 21EC64251AE9E59B0070FA67 /* Images.xcassets */; };
		21EC64291AE9E59B0070FA67 /* LaunchScreen.xib in Resources */ = {isa = PBXBuildFile; fileRef = 21EC64271AE9E59B0070FA67 /* LaunchScreen.xib */; };
		21EC64351AE9E59B0070FA67 /* Jak_TianoTests.swift in Sources */ = {isa = PBXBuildFile; fileRef = 21EC64341AE9E59B0070FA67 /* Jak_TianoTests.swift */; };
		21EC64421AE9E71E0070FA67 /* CameraController.swift in Sources */ = {isa = PBXBuildFile; fileRef = 21EC64401AE9E71E0070FA67 /* CameraController.swift */; };
		21EC64431AE9E71E0070FA67 /* Utilities2D.swift in Sources */ = {isa = PBXBuildFile; fileRef = 21EC64411AE9E71E0070FA67 /* Utilities2D.swift */; };
		21EC64451AE9E98B0070FA67 /* MainScene.swift in Sources */ = {isa = PBXBuildFile; fileRef = 21EC64441AE9E98B0070FA67 /* MainScene.swift */; };
		21EC64481AEC3F0C0070FA67 /* PortraitButton.swift in Sources */ = {isa = PBXBuildFile; fileRef = 21EC64471AEC3F0C0070FA67 /* PortraitButton.swift */; };
		21EC644B1AEC41C10070FA67 /* jak.png in Resources */ = {isa = PBXBuildFile; fileRef = 21EC644A1AEC41C10070FA67 /* jak.png */; };
		21EC644D1AED46440070FA67 /* Button.swift in Sources */ = {isa = PBXBuildFile; fileRef = 21EC644C1AED46440070FA67 /* Button.swift */; };
		21EC644F1AED550F0070FA67 /* crunch.wav in Resources */ = {isa = PBXBuildFile; fileRef = 21EC644E1AED550F0070FA67 /* crunch.wav */; };
/* End PBXBuildFile section */

/* Begin PBXContainerItemProxy section */
		21EC642F1AE9E59B0070FA67 /* PBXContainerItemProxy */ = {
			isa = PBXContainerItemProxy;
			containerPortal = 21EC640D1AE9E59A0070FA67 /* Project object */;
			proxyType = 1;
			remoteGlobalIDString = 21EC64141AE9E59A0070FA67;
			remoteInfo = "Jak-Tiano";
		};
/* End PBXContainerItemProxy section */

/* Begin PBXFileReference section */
		21561E1B1AED608B0035E714 /* zoom.wav */ = {isa = PBXFileReference; lastKnownFileType = audio.wav; path = zoom.wav; sourceTree = "<group>"; };
		21561E1D1AED74EE0035E714 /* MenuOptionButton.swift */ = {isa = PBXFileReference; fileEncoding = 4; lastKnownFileType = sourcecode.swift; name = MenuOptionButton.swift; path = Entities/MenuOptionButton.swift; sourceTree = "<group>"; };
		21EC64151AE9E59A0070FA67 /* Jak-Tiano.app */ = {isa = PBXFileReference; explicitFileType = wrapper.application; includeInIndex = 0; path = "Jak-Tiano.app"; sourceTree = BUILT_PRODUCTS_DIR; };
		21EC64191AE9E59A0070FA67 /* Info.plist */ = {isa = PBXFileReference; lastKnownFileType = text.plist.xml; path = Info.plist; sourceTree = "<group>"; };
		21EC641A1AE9E59A0070FA67 /* AppDelegate.swift */ = {isa = PBXFileReference; lastKnownFileType = sourcecode.swift; path = AppDelegate.swift; sourceTree = "<group>"; };
		21EC64201AE9E59A0070FA67 /* GameViewController.swift */ = {isa = PBXFileReference; lastKnownFileType = sourcecode.swift; path = GameViewController.swift; sourceTree = "<group>"; };
		21EC64231AE9E59A0070FA67 /* Base */ = {isa = PBXFileReference; lastKnownFileType = file.storyboard; name = Base; path = Base.lproj/Main.storyboard; sourceTree = "<group>"; };
		21EC64251AE9E59B0070FA67 /* Images.xcassets */ = {isa = PBXFileReference; lastKnownFileType = folder.assetcatalog; path = Images.xcassets; sourceTree = "<group>"; };
		21EC64281AE9E59B0070FA67 /* Base */ = {isa = PBXFileReference; lastKnownFileType = file.xib; name = Base; path = Base.lproj/LaunchScreen.xib; sourceTree = "<group>"; };
		21EC642E1AE9E59B0070FA67 /* Jak-TianoTests.xctest */ = {isa = PBXFileReference; explicitFileType = wrapper.cfbundle; includeInIndex = 0; path = "Jak-TianoTests.xctest"; sourceTree = BUILT_PRODUCTS_DIR; };
		21EC64331AE9E59B0070FA67 /* Info.plist */ = {isa = PBXFileReference; lastKnownFileType = text.plist.xml; path = Info.plist; sourceTree = "<group>"; };
		21EC64341AE9E59B0070FA67 /* Jak_TianoTests.swift */ = {isa = PBXFileReference; lastKnownFileType = sourcecode.swift; path = Jak_TianoTests.swift; sourceTree = "<group>"; };
		21EC64401AE9E71E0070FA67 /* CameraController.swift */ = {isa = PBXFileReference; fileEncoding = 4; lastKnownFileType = sourcecode.swift; path = CameraController.swift; sourceTree = "<group>"; };
		21EC64411AE9E71E0070FA67 /* Utilities2D.swift */ = {isa = PBXFileReference; fileEncoding = 4; lastKnownFileType = sourcecode.swift; path = Utilities2D.swift; sourceTree = "<group>"; };
		21EC64441AE9E98B0070FA67 /* MainScene.swift */ = {isa = PBXFileReference; fileEncoding = 4; lastKnownFileType = sourcecode.swift; name = MainScene.swift; path = Scenes/MainScene.swift; sourceTree = "<group>"; };
		21EC64471AEC3F0C0070FA67 /* PortraitButton.swift */ = {isa = PBXFileReference; fileEncoding = 4; lastKnownFileType = sourcecode.swift; name = PortraitButton.swift; path = Entities/PortraitButton.swift; sourceTree = "<group>"; };
		21EC644A1AEC41C10070FA67 /* jak.png */ = {isa = PBXFileReference; lastKnownFileType = image.png; path = jak.png; sourceTree = "<group>"; };
		21EC644C1AED46440070FA67 /* Button.swift */ = {isa = PBXFileReference; fileEncoding = 4; lastKnownFileType = sourcecode.swift; name = Button.swift; path = Entities/Button.swift; sourceTree = "<group>"; };
		21EC644E1AED550F0070FA67 /* crunch.wav */ = {isa = PBXFileReference; lastKnownFileType = audio.wav; path = crunch.wav; sourceTree = "<group>"; };
/* End PBXFileReference section */

/* Begin PBXFrameworksBuildPhase section */
		21EC64121AE9E59A0070FA67 /* Frameworks */ = {
			isa = PBXFrameworksBuildPhase;
			buildActionMask = 2147483647;
			files = (
			);
			runOnlyForDeploymentPostprocessing = 0;
		};
		21EC642B1AE9E59B0070FA67 /* Frameworks */ = {
			isa = PBXFrameworksBuildPhase;
			buildActionMask = 2147483647;
			files = (
			);
			runOnlyForDeploymentPostprocessing = 0;
		};
/* End PBXFrameworksBuildPhase section */

/* Begin PBXGroup section */
		21EC640C1AE9E59A0070FA67 = {
			isa = PBXGroup;
			children = (
				21EC64171AE9E59A0070FA67 /* Jak-Tiano */,
				21EC64311AE9E59B0070FA67 /* Jak-TianoTests */,
				21EC64161AE9E59A0070FA67 /* Products */,
			);
			sourceTree = "<group>";
		};
		21EC64161AE9E59A0070FA67 /* Products */ = {
			isa = PBXGroup;
			children = (
				21EC64151AE9E59A0070FA67 /* Jak-Tiano.app */,
				21EC642E1AE9E59B0070FA67 /* Jak-TianoTests.xctest */,
			);
			name = Products;
			sourceTree = "<group>";
		};
		21EC64171AE9E59A0070FA67 /* Jak-Tiano */ = {
			isa = PBXGroup;
			children = (
				21EC64461AEC3E690070FA67 /* Entities */,
				21EC643E1AE9E63E0070FA67 /* Scenes */,
				21EC643F1AE9E71E0070FA67 /* Swift Game Utils */,
				21EC64181AE9E59A0070FA67 /* Supporting Files */,
				21EC64491AEC419B0070FA67 /* Resources */,
			);
			path = "Jak-Tiano";
			sourceTree = "<group>";
		};
		21EC64181AE9E59A0070FA67 /* Supporting Files */ = {
			isa = PBXGroup;
			children = (
				21EC64201AE9E59A0070FA67 /* GameViewController.swift */,
				21EC641A1AE9E59A0070FA67 /* AppDelegate.swift */,
				21EC64221AE9E59A0070FA67 /* Main.storyboard */,
				21EC64251AE9E59B0070FA67 /* Images.xcassets */,
				21EC64271AE9E59B0070FA67 /* LaunchScreen.xib */,
				21EC64191AE9E59A0070FA67 /* Info.plist */,
			);
			name = "Supporting Files";
			sourceTree = "<group>";
		};
		21EC64311AE9E59B0070FA67 /* Jak-TianoTests */ = {
			isa = PBXGroup;
			children = (
				21EC64341AE9E59B0070FA67 /* Jak_TianoTests.swift */,
				21EC64321AE9E59B0070FA67 /* Supporting Files */,
			);
			path = "Jak-TianoTests";
			sourceTree = "<group>";
		};
		21EC64321AE9E59B0070FA67 /* Supporting Files */ = {
			isa = PBXGroup;
			children = (
				21EC64331AE9E59B0070FA67 /* Info.plist */,
			);
			name = "Supporting Files";
			sourceTree = "<group>";
		};
		21EC643E1AE9E63E0070FA67 /* Scenes */ = {
			isa = PBXGroup;
			children = (
				21EC64441AE9E98B0070FA67 /* MainScene.swift */,
			);
			name = Scenes;
			sourceTree = "<group>";
		};
		21EC643F1AE9E71E0070FA67 /* Swift Game Utils */ = {
			isa = PBXGroup;
			children = (
				21EC64401AE9E71E0070FA67 /* CameraController.swift */,
				21EC64411AE9E71E0070FA67 /* Utilities2D.swift */,
			);
			path = "Swift Game Utils";
			sourceTree = "<group>";
		};
		21EC64461AEC3E690070FA67 /* Entities */ = {
			isa = PBXGroup;
			children = (
				21EC644C1AED46440070FA67 /* Button.swift */,
				21EC64471AEC3F0C0070FA67 /* PortraitButton.swift */,
				21561E1D1AED74EE0035E714 /* MenuOptionButton.swift */,
			);
			name = Entities;
			sourceTree = "<group>";
		};
		21EC64491AEC419B0070FA67 /* Resources */ = {
			isa = PBXGroup;
			children = (
				21561E1B1AED608B0035E714 /* zoom.wav */,
				21EC644E1AED550F0070FA67 /* crunch.wav */,
				21EC644A1AEC41C10070FA67 /* jak.png */,
			);
			path = Resources;
			sourceTree = "<group>";
		};
/* End PBXGroup section */

/* Begin PBXNativeTarget section */
		21EC64141AE9E59A0070FA67 /* Jak-Tiano */ = {
			isa = PBXNativeTarget;
			buildConfigurationList = 21EC64381AE9E59B0070FA67 /* Build configuration list for PBXNativeTarget "Jak-Tiano" */;
			buildPhases = (
				21EC64111AE9E59A0070FA67 /* Sources */,
				21EC64121AE9E59A0070FA67 /* Frameworks */,
				21EC64131AE9E59A0070FA67 /* Resources */,
			);
			buildRules = (
			);
			dependencies = (
			);
			name = "Jak-Tiano";
			productName = "Jak-Tiano";
			productReference = 21EC64151AE9E59A0070FA67 /* Jak-Tiano.app */;
			productType = "com.apple.product-type.application";
		};
		21EC642D1AE9E59B0070FA67 /* Jak-TianoTests */ = {
			isa = PBXNativeTarget;
			buildConfigurationList = 21EC643B1AE9E59B0070FA67 /* Build configuration list for PBXNativeTarget "Jak-TianoTests" */;
			buildPhases = (
				21EC642A1AE9E59B0070FA67 /* Sources */,
				21EC642B1AE9E59B0070FA67 /* Frameworks */,
				21EC642C1AE9E59B0070FA67 /* Resources */,
			);
			buildRules = (
			);
			dependencies = (
				21EC64301AE9E59B0070FA67 /* PBXTargetDependency */,
			);
			name = "Jak-TianoTests";
			productName = "Jak-TianoTests";
			productReference = 21EC642E1AE9E59B0070FA67 /* Jak-TianoTests.xctest */;
			productType = "com.apple.product-type.bundle.unit-test";
		};
/* End PBXNativeTarget section */

/* Begin PBXProject section */
		21EC640D1AE9E59A0070FA67 /* Project object */ = {
			isa = PBXProject;
			attributes = {
				LastUpgradeCheck = 0630;
				ORGANIZATIONNAME = jaktiano;
				TargetAttributes = {
					21EC64141AE9E59A0070FA67 = {
						CreatedOnToolsVersion = 6.3;
						DevelopmentTeam = C8L677C7HM;
					};
					21EC642D1AE9E59B0070FA67 = {
						CreatedOnToolsVersion = 6.3;
						TestTargetID = 21EC64141AE9E59A0070FA67;
					};
				};
			};
			buildConfigurationList = 21EC64101AE9E59A0070FA67 /* Build configuration list for PBXProject "Jak-Tiano" */;
			compatibilityVersion = "Xcode 3.2";
			developmentRegion = English;
			hasScannedForEncodings = 0;
			knownRegions = (
				en,
				Base,
			);
			mainGroup = 21EC640C1AE9E59A0070FA67;
			productRefGroup = 21EC64161AE9E59A0070FA67 /* Products */;
			projectDirPath = "";
			projectRoot = "";
			targets = (
				21EC64141AE9E59A0070FA67 /* Jak-Tiano */,
				21EC642D1AE9E59B0070FA67 /* Jak-TianoTests */,
			);
		};
/* End PBXProject section */

/* Begin PBXResourcesBuildPhase section */
		21EC64131AE9E59A0070FA67 /* Resources */ = {
			isa = PBXResourcesBuildPhase;
			buildActionMask = 2147483647;
			files = (
				21EC644F1AED550F0070FA67 /* crunch.wav in Resources */,
				21EC644B1AEC41C10070FA67 /* jak.png in Resources */,
				21EC64291AE9E59B0070FA67 /* LaunchScreen.xib in Resources */,
				21561E1C1AED608B0035E714 /* zoom.wav in Resources */,
				21EC64261AE9E59B0070FA67 /* Images.xcassets in Resources */,
				21EC64241AE9E59A0070FA67 /* Main.storyboard in Resources */,
			);
			runOnlyForDeploymentPostprocessing = 0;
		};
		21EC642C1AE9E59B0070FA67 /* Resources */ = {
			isa = PBXResourcesBuildPhase;
			buildActionMask = 2147483647;
			files = (
			);
			runOnlyForDeploymentPostprocessing = 0;
		};
/* End PBXResourcesBuildPhase section */

/* Begin PBXSourcesBuildPhase section */
		21EC64111AE9E59A0070FA67 /* Sources */ = {
			isa = PBXSourcesBuildPhase;
			buildActionMask = 2147483647;
			files = (
				21EC644D1AED46440070FA67 /* Button.swift in Sources */,
				21EC64481AEC3F0C0070FA67 /* PortraitButton.swift in Sources */,
				21EC64211AE9E59A0070FA67 /* GameViewController.swift in Sources */,
				21561E1E1AED74EE0035E714 /* MenuOptionButton.swift in Sources */,
				21EC64421AE9E71E0070FA67 /* CameraController.swift in Sources */,
				21EC64431AE9E71E0070FA67 /* Utilities2D.swift in Sources */,
				21EC64451AE9E98B0070FA67 /* MainScene.swift in Sources */,
				21EC641B1AE9E59A0070FA67 /* AppDelegate.swift in Sources */,
			);
			runOnlyForDeploymentPostprocessing = 0;
		};
		21EC642A1AE9E59B0070FA67 /* Sources */ = {
			isa = PBXSourcesBuildPhase;
			buildActionMask = 2147483647;
			files = (
				21EC64351AE9E59B0070FA67 /* Jak_TianoTests.swift in Sources */,
			);
			runOnlyForDeploymentPostprocessing = 0;
		};
/* End PBXSourcesBuildPhase section */

/* Begin PBXTargetDependency section */
		21EC64301AE9E59B0070FA67 /* PBXTargetDependency */ = {
			isa = PBXTargetDependency;
			target = 21EC64141AE9E59A0070FA67 /* Jak-Tiano */;
			targetProxy = 21EC642F1AE9E59B0070FA67 /* PBXContainerItemProxy */;
		};
/* End PBXTargetDependency section */

/* Begin PBXVariantGroup section */
		21EC64221AE9E59A0070FA67 /* Main.storyboard */ = {
			isa = PBXVariantGroup;
			children = (
				21EC64231AE9E59A0070FA67 /* Base */,
			);
			name = Main.storyboard;
			sourceTree = "<group>";
		};
		21EC64271AE9E59B0070FA67 /* LaunchScreen.xib */ = {
			isa = PBXVariantGroup;
			children = (
				21EC64281AE9E59B0070FA67 /* Base */,
			);
			name = LaunchScreen.xib;
			sourceTree = "<group>";
		};
/* End PBXVariantGroup section */

/* Begin XCBuildConfiguration section */
		21EC64361AE9E59B0070FA67 /* Debug */ = {
			isa = XCBuildConfiguration;
			buildSettings = {
				ALWAYS_SEARCH_USER_PATHS = NO;
				CLANG_CXX_LANGUAGE_STANDARD = "gnu++0x";
				CLANG_CXX_LIBRARY = "libc++";
				CLANG_ENABLE_MODULES = YES;
				CLANG_ENABLE_OBJC_ARC = YES;
				CLANG_WARN_BOOL_CONVERSION = YES;
				CLANG_WARN_CONSTANT_CONVERSION = YES;
				CLANG_WARN_DIRECT_OBJC_ISA_USAGE = YES_ERROR;
				CLANG_WARN_EMPTY_BODY = YES;
				CLANG_WARN_ENUM_CONVERSION = YES;
				CLANG_WARN_INT_CONVERSION = YES;
				CLANG_WARN_OBJC_ROOT_CLASS = YES_ERROR;
				CLANG_WARN_UNREACHABLE_CODE = YES;
				CLANG_WARN__DUPLICATE_METHOD_MATCH = YES;
				"CODE_SIGN_IDENTITY[sdk=iphoneos*]" = "iPhone Developer";
				COPY_PHASE_STRIP = NO;
				DEBUG_INFORMATION_FORMAT = "dwarf-with-dsym";
				ENABLE_STRICT_OBJC_MSGSEND = YES;
				GCC_C_LANGUAGE_STANDARD = gnu99;
				GCC_DYNAMIC_NO_PIC = NO;
				GCC_NO_COMMON_BLOCKS = YES;
				GCC_OPTIMIZATION_LEVEL = 0;
				GCC_PREPROCESSOR_DEFINITIONS = (
					"DEBUG=1",
					"$(inherited)",
				);
				GCC_SYMBOLS_PRIVATE_EXTERN = NO;
				GCC_WARN_64_TO_32_BIT_CONVERSION = YES;
				GCC_WARN_ABOUT_RETURN_TYPE = YES_ERROR;
				GCC_WARN_UNDECLARED_SELECTOR = YES;
				GCC_WARN_UNINITIALIZED_AUTOS = YES_AGGRESSIVE;
				GCC_WARN_UNUSED_FUNCTION = YES;
				GCC_WARN_UNUSED_VARIABLE = YES;
				IPHONEOS_DEPLOYMENT_TARGET = 8.3;
				MTL_ENABLE_DEBUG_INFO = YES;
				ONLY_ACTIVE_ARCH = YES;
				SDKROOT = iphoneos;
				SWIFT_OPTIMIZATION_LEVEL = "-Onone";
				TARGETED_DEVICE_FAMILY = "1,2";
			};
			name = Debug;
		};
		21EC64371AE9E59B0070FA67 /* Release */ = {
			isa = XCBuildConfiguration;
			buildSettings = {
				ALWAYS_SEARCH_USER_PATHS = NO;
				CLANG_CXX_LANGUAGE_STANDARD = "gnu++0x";
				CLANG_CXX_LIBRARY = "libc++";
				CLANG_ENABLE_MODULES = YES;
				CLANG_ENABLE_OBJC_ARC = YES;
				CLANG_WARN_BOOL_CONVERSION = YES;
				CLANG_WARN_CONSTANT_CONVERSION = YES;
				CLANG_WARN_DIRECT_OBJC_ISA_USAGE = YES_ERROR;
				CLANG_WARN_EMPTY_BODY = YES;
				CLANG_WARN_ENUM_CONVERSION = YES;
				CLANG_WARN_INT_CONVERSION = YES;
				CLANG_WARN_OBJC_ROOT_CLASS = YES_ERROR;
				CLANG_WARN_UNREACHABLE_CODE = YES;
				CLANG_WARN__DUPLICATE_METHOD_MATCH = YES;
				"CODE_SIGN_IDENTITY[sdk=iphoneos*]" = "iPhone Developer";
				COPY_PHASE_STRIP = NO;
				DEBUG_INFORMATION_FORMAT = "dwarf-with-dsym";
				ENABLE_NS_ASSERTIONS = NO;
				ENABLE_STRICT_OBJC_MSGSEND = YES;
				GCC_C_LANGUAGE_STANDARD = gnu99;
				GCC_NO_COMMON_BLOCKS = YES;
				GCC_WARN_64_TO_32_BIT_CONVERSION = YES;
				GCC_WARN_ABOUT_RETURN_TYPE = YES_ERROR;
				GCC_WARN_UNDECLARED_SELECTOR = YES;
				GCC_WARN_UNINITIALIZED_AUTOS = YES_AGGRESSIVE;
				GCC_WARN_UNUSED_FUNCTION = YES;
				GCC_WARN_UNUSED_VARIABLE = YES;
				IPHONEOS_DEPLOYMENT_TARGET = 8.3;
				MTL_ENABLE_DEBUG_INFO = NO;
				SDKROOT = iphoneos;
				TARGETED_DEVICE_FAMILY = "1,2";
				VALIDATE_PRODUCT = YES;
			};
			name = Release;
		};
		21EC64391AE9E59B0070FA67 /* Debug */ = {
			isa = XCBuildConfiguration;
			buildSettings = {
				ASSETCATALOG_COMPILER_APPICON_NAME = AppIcon;
				CODE_SIGN_IDENTITY = "iPhone Developer";
				INFOPLIST_FILE = "Jak-Tiano/Info.plist";
				IPHONEOS_DEPLOYMENT_TARGET = 8.1;
				LD_RUNPATH_SEARCH_PATHS = "$(inherited) @executable_path/Frameworks";
				PRODUCT_NAME = "$(TARGET_NAME)";
			};
			name = Debug;
		};
		21EC643A1AE9E59B0070FA67 /* Release */ = {
			isa = XCBuildConfiguration;
			buildSettings = {
				ASSETCATALOG_COMPILER_APPICON_NAME = AppIcon;
				CODE_SIGN_IDENTITY = "iPhone Developer";
				INFOPLIST_FILE = "Jak-Tiano/Info.plist";
				IPHONEOS_DEPLOYMENT_TARGET = 8.1;
				LD_RUNPATH_SEARCH_PATHS = "$(inherited) @executable_path/Frameworks";
				PRODUCT_NAME = "$(TARGET_NAME)";
			};
			name = Release;
		};
		21EC643C1AE9E59B0070FA67 /* Debug */ = {
			isa = XCBuildConfiguration;
			buildSettings = {
				BUNDLE_LOADER = "$(TEST_HOST)";
				FRAMEWORK_SEARCH_PATHS = (
					"$(SDKROOT)/Developer/Library/Frameworks",
					"$(inherited)",
				);
				GCC_PREPROCESSOR_DEFINITIONS = (
					"DEBUG=1",
					"$(inherited)",
				);
				INFOPLIST_FILE = "Jak-TianoTests/Info.plist";
				IPHONEOS_DEPLOYMENT_TARGET = 8.0;
				LD_RUNPATH_SEARCH_PATHS = "$(inherited) @executable_path/Frameworks @loader_path/Frameworks";
				PRODUCT_NAME = "$(TARGET_NAME)";
				TEST_HOST = "$(BUILT_PRODUCTS_DIR)/Jak-Tiano.app/Jak-Tiano";
			};
			name = Debug;
		};
		21EC643D1AE9E59B0070FA67 /* Release */ = {
			isa = XCBuildConfiguration;
			buildSettings = {
				BUNDLE_LOADER = "$(TEST_HOST)";
				FRAMEWORK_SEARCH_PATHS = (
					"$(SDKROOT)/Developer/Library/Frameworks",
					"$(inherited)",
				);
				INFOPLIST_FILE = "Jak-TianoTests/Info.plist";
				IPHONEOS_DEPLOYMENT_TARGET = 8.0;
				LD_RUNPATH_SEARCH_PATHS = "$(inherited) @executable_path/Frameworks @loader_path/Frameworks";
				PRODUCT_NAME = "$(TARGET_NAME)";
				TEST_HOST = "$(BUILT_PRODUCTS_DIR)/Jak-Tiano.app/Jak-Tiano";
			};
			name = Release;
		};
/* End XCBuildConfiguration section */

/* Begin XCConfigurationList section */
		21EC64101AE9E59A0070FA67 /* Build configuration list for PBXProject "Jak-Tiano" */ = {
			isa = XCConfigurationList;
			buildConfigurations = (
				21EC64361AE9E59B0070FA67 /* Debug */,
				21EC64371AE9E59B0070FA67 /* Release */,
			);
			defaultConfigurationIsVisible = 0;
			defaultConfigurationName = Release;
		};
		21EC64381AE9E59B0070FA67 /* Build configuration list for PBXNativeTarget "Jak-Tiano" */ = {
			isa = XCConfigurationList;
			buildConfigurations = (
				21EC64391AE9E59B0070FA67 /* Debug */,
				21EC643A1AE9E59B0070FA67 /* Release */,
			);
			defaultConfigurationIsVisible = 0;
			defaultConfigurationName = Release;
		};
		21EC643B1AE9E59B0070FA67 /* Build configuration list for PBXNativeTarget "Jak-TianoTests" */ = {
			isa = XCConfigurationList;
			buildConfigurations = (
				21EC643C1AE9E59B0070FA67 /* Debug */,
				21EC643D1AE9E59B0070FA67 /* Release */,
			);
			defaultConfigurationIsVisible = 0;
			defaultConfigurationName = Release;
		};
/* End XCConfigurationList section */
	};
	rootObject = 21EC640D1AE9E59A0070FA67 /* Project object */;
}
